// !$*UTF8*$!
{
	archiveVersion = 1;
	classes = {
	};
	objectVersion = 48;
	objects = {

/* Begin PBXBuildFile section */
		22DC3B0C203E0DBD00ACFD8C /* AppDelegate.swift in Sources */ = {isa = PBXBuildFile; fileRef = 22DC3B0B203E0DBD00ACFD8C /* AppDelegate.swift */; };
		22DC3B0E203E0DBD00ACFD8C /* PhotoViewController.swift in Sources */ = {isa = PBXBuildFile; fileRef = 22DC3B0D203E0DBD00ACFD8C /* PhotoViewController.swift */; };
		22DC3B11203E0DBD00ACFD8C /* Main.storyboard in Resources */ = {isa = PBXBuildFile; fileRef = 22DC3B0F203E0DBD00ACFD8C /* Main.storyboard */; };
		22DC3B13203E0DBD00ACFD8C /* Assets.xcassets in Resources */ = {isa = PBXBuildFile; fileRef = 22DC3B12203E0DBD00ACFD8C /* Assets.xcassets */; };
		22DC3B16203E0DBD00ACFD8C /* LaunchScreen.storyboard in Resources */ = {isa = PBXBuildFile; fileRef = 22DC3B14203E0DBD00ACFD8C /* LaunchScreen.storyboard */; };
		22DC3B1E203E0EB600ACFD8C /* PhotoInfoController.swift in Sources */ = {isa = PBXBuildFile; fileRef = 22DC3B1D203E0EB600ACFD8C /* PhotoInfoController.swift */; };
		22DC3B20203E0FE000ACFD8C /* PhotoInfo.swift in Sources */ = {isa = PBXBuildFile; fileRef = 22DC3B1F203E0FE000ACFD8C /* PhotoInfo.swift */; };
/* End PBXBuildFile section */

/* Begin PBXFileReference section */
		22DC3B08203E0DBD00ACFD8C /* NetworkingWithApple.app */ = {isa = PBXFileReference; explicitFileType = wrapper.application; includeInIndex = 0; path = NetworkingWithApple.app; sourceTree = BUILT_PRODUCTS_DIR; };
		22DC3B0B203E0DBD00ACFD8C /* AppDelegate.swift */ = {isa = PBXFileReference; lastKnownFileType = sourcecode.swift; path = AppDelegate.swift; sourceTree = "<group>"; };
		22DC3B0D203E0DBD00ACFD8C /* PhotoViewController.swift */ = {isa = PBXFileReference; lastKnownFileType = sourcecode.swift; path = PhotoViewController.swift; sourceTree = "<group>"; };
		22DC3B10203E0DBD00ACFD8C /* Base */ = {isa = PBXFileReference; lastKnownFileType = file.storyboard; name = Base; path = Base.lproj/Main.storyboard; sourceTree = "<group>"; };
		22DC3B12203E0DBD00ACFD8C /* Assets.xcassets */ = {isa = PBXFileReference; lastKnownFileType = folder.assetcatalog; path = Assets.xcassets; sourceTree = "<group>"; };
		22DC3B15203E0DBD00ACFD8C /* Base */ = {isa = PBXFileReference; lastKnownFileType = file.storyboard; name = Base; path = Base.lproj/LaunchScreen.storyboard; sourceTree = "<group>"; };
		22DC3B17203E0DBD00ACFD8C /* Info.plist */ = {isa = PBXFileReference; lastKnownFileType = text.plist.xml; path = Info.plist; sourceTree = "<group>"; };
		22DC3B1D203E0EB600ACFD8C /* PhotoInfoController.swift */ = {isa = PBXFileReference; lastKnownFileType = sourcecode.swift; path = PhotoInfoController.swift; sourceTree = "<group>"; };
		22DC3B1F203E0FE000ACFD8C /* PhotoInfo.swift */ = {isa = PBXFileReference; lastKnownFileType = sourcecode.swift; path = PhotoInfo.swift; sourceTree = "<group>"; };
/* End PBXFileReference section */

/* Begin PBXFrameworksBuildPhase section */
		22DC3B05203E0DBD00ACFD8C /* Frameworks */ = {
			isa = PBXFrameworksBuildPhase;
			buildActionMask = 2147483647;
			files = (
			);
			runOnlyForDeploymentPostprocessing = 0;
		};
/* End PBXFrameworksBuildPhase section */

/* Begin PBXGroup section */
		22DC3AFF203E0DBD00ACFD8C = {
			isa = PBXGroup;
			children = (
				22DC3B0A203E0DBD00ACFD8C /* NetworkingWithApple */,
				22DC3B09203E0DBD00ACFD8C /* Products */,
			);
			sourceTree = "<group>";
		};
		22DC3B09203E0DBD00ACFD8C /* Products */ = {
			isa = PBXGroup;
			children = (
				22DC3B08203E0DBD00ACFD8C /* NetworkingWithApple.app */,
			);
			name = Products;
			sourceTree = "<group>";
		};
		22DC3B0A203E0DBD00ACFD8C /* NetworkingWithApple */ = {
			isa = PBXGroup;
			children = (
				22DC3B0B203E0DBD00ACFD8C /* AppDelegate.swift */,
				22DC3B0F203E0DBD00ACFD8C /* Main.storyboard */,
				22DC3B12203E0DBD00ACFD8C /* Assets.xcassets */,
				22DC3B14203E0DBD00ACFD8C /* LaunchScreen.storyboard */,
				22DC3B17203E0DBD00ACFD8C /* Info.plist */,
				22DC3B0D203E0DBD00ACFD8C /* PhotoViewController.swift */,
				22DC3B1D203E0EB600ACFD8C /* PhotoInfoController.swift */,
				22DC3B1F203E0FE000ACFD8C /* PhotoInfo.swift */,
			);
			path = NetworkingWithApple;
			sourceTree = "<group>";
		};
/* End PBXGroup section */

/* Begin PBXNativeTarget section */
		22DC3B07203E0DBD00ACFD8C /* NetworkingWithApple */ = {
			isa = PBXNativeTarget;
			buildConfigurationList = 22DC3B1A203E0DBD00ACFD8C /* Build configuration list for PBXNativeTarget "NetworkingWithApple" */;
			buildPhases = (
				22DC3B04203E0DBD00ACFD8C /* Sources */,
				22DC3B05203E0DBD00ACFD8C /* Frameworks */,
				22DC3B06203E0DBD00ACFD8C /* Resources */,
			);
			buildRules = (
			);
			dependencies = (
			);
			name = NetworkingWithApple;
			productName = NetworkingWithApple;
			productReference = 22DC3B08203E0DBD00ACFD8C /* NetworkingWithApple.app */;
			productType = "com.apple.product-type.application";
		};
/* End PBXNativeTarget section */

/* Begin PBXProject section */
		22DC3B00203E0DBD00ACFD8C /* Project object */ = {
			isa = PBXProject;
			attributes = {
				LastSwiftUpdateCheck = 0920;
				LastUpgradeCheck = 0920;
				ORGANIZATIONNAME = user131656;
				TargetAttributes = {
					22DC3B07203E0DBD00ACFD8C = {
						CreatedOnToolsVersion = 9.2;
						ProvisioningStyle = Automatic;
					};
				};
			};
			buildConfigurationList = 22DC3B03203E0DBD00ACFD8C /* Build configuration list for PBXProject "NetworkingWithApple" */;
			compatibilityVersion = "Xcode 8.0";
			developmentRegion = en;
			hasScannedForEncodings = 0;
			knownRegions = (
				en,
				Base,
			);
			mainGroup = 22DC3AFF203E0DBD00ACFD8C;
			productRefGroup = 22DC3B09203E0DBD00ACFD8C /* Products */;
			projectDirPath = "";
			projectRoot = "";
			targets = (
				22DC3B07203E0DBD00ACFD8C /* NetworkingWithApple */,
			);
		};
/* End PBXProject section */

/* Begin PBXResourcesBuildPhase section */
		22DC3B06203E0DBD00ACFD8C /* Resources */ = {
			isa = PBXResourcesBuildPhase;
			buildActionMask = 2147483647;
			files = (
				22DC3B16203E0DBD00ACFD8C /* LaunchScreen.storyboard in Resources */,
				22DC3B13203E0DBD00ACFD8C /* Assets.xcassets in Resources */,
				22DC3B11203E0DBD00ACFD8C /* Main.storyboard in Resources */,
			);
			runOnlyForDeploymentPostprocessing = 0;
		};
/* End PBXResourcesBuildPhase section */

/* Begin PBXSourcesBuildPhase section */
		22DC3B04203E0DBD00ACFD8C /* Sources */ = {
			isa = PBXSourcesBuildPhase;
			buildActionMask = 2147483647;
			files = (
				22DC3B20203E0FE000ACFD8C /* PhotoInfo.swift in Sources */,
				22DC3B0E203E0DBD00ACFD8C /* PhotoViewController.swift in Sources */,
				22DC3B0C203E0DBD00ACFD8C /* AppDelegate.swift in Sources */,
				22DC3B1E203E0EB600ACFD8C /* PhotoInfoController.swift in Sources */,
			);
			runOnlyForDeploymentPostprocessing = 0;
		};
/* End PBXSourcesBuildPhase section */

/* Begin PBXVariantGroup section */
		22DC3B0F203E0DBD00ACFD8C /* Main.storyboard */ = {
			isa = PBXVariantGroup;
			children = (
				22DC3B10203E0DBD00ACFD8C /* Base */,
			);
			name = Main.storyboard;
			sourceTree = "<group>";
		};
		22DC3B14203E0DBD00ACFD8C /* LaunchScreen.storyboard */ = {
			isa = PBXVariantGroup;
			children = (
				22DC3B15203E0DBD00ACFD8C /* Base */,
			);
			name = LaunchScreen.storyboard;
			sourceTree = "<group>";
		};
/* End PBXVariantGroup section */

/* Begin XCBuildConfiguration section */
		22DC3B18203E0DBD00ACFD8C /* Debug */ = {
			isa = XCBuildConfiguration;
			buildSettings = {
				ALWAYS_SEARCH_USER_PATHS = NO;
				CLANG_ANALYZER_NONNULL = YES;
				CLANG_ANALYZER_NUMBER_OBJECT_CONVERSION = YES_AGGRESSIVE;
				CLANG_CXX_LANGUAGE_STANDARD = "gnu++14";
				CLANG_CXX_LIBRARY = "libc++";
				CLANG_ENABLE_MODULES = YES;
				CLANG_ENABLE_OBJC_ARC = YES;
				CLANG_WARN_BLOCK_CAPTURE_AUTORELEASING = YES;
				CLANG_WARN_BOOL_CONVERSION = YES;
				CLANG_WARN_COMMA = YES;
				CLANG_WARN_CONSTANT_CONVERSION = YES;
				CLANG_WARN_DIRECT_OBJC_ISA_USAGE = YES_ERROR;
				CLANG_WARN_DOCUMENTATION_COMMENTS = YES;
				CLANG_WARN_EMPTY_BODY = YES;
				CLANG_WARN_ENUM_CONVERSION = YES;
				CLANG_WARN_INFINITE_RECURSION = YES;
				CLANG_WARN_INT_CONVERSION = YES;
				CLANG_WARN_NON_LITERAL_NULL_CONVERSION = YES;
				CLANG_WARN_OBJC_LITERAL_CONVERSION = YES;
				CLANG_WARN_OBJC_ROOT_CLASS = YES_ERROR;
				CLANG_WARN_RANGE_LOOP_ANALYSIS = YES;
				CLANG_WARN_STRICT_PROTOTYPES = YES;
				CLANG_WARN_SUSPICIOUS_MOVE = YES;
				CLANG_WARN_UNGUARDED_AVAILABILITY = YES_AGGRESSIVE;
				CLANG_WARN_UNREACHABLE_CODE = YES;
				CLANG_WARN__DUPLICATE_METHOD_MATCH = YES;
				CODE_SIGN_IDENTITY = "iPhone Developer";
				COPY_PHASE_STRIP = NO;
				DEBUG_INFORMATION_FORMAT = dwarf;
				ENABLE_STRICT_OBJC_MSGSEND = YES;
				ENABLE_TESTABILITY = YES;
				GCC_C_LANGUAGE_STANDARD = gnu11;
				GCC_DYNAMIC_NO_PIC = NO;
				GCC_NO_COMMON_BLOCKS = YES;
				GCC_OPTIMIZATION_LEVEL = 0;
				GCC_PREPROCESSOR_DEFINITIONS = (
					"DEBUG=1",
					"$(inherited)",
				);
				GCC_WARN_64_TO_32_BIT_CONVERSION = YES;
				GCC_WARN_ABOUT_RETURN_TYPE = YES_ERROR;
				GCC_WARN_UNDECLARED_SELECTOR = YES;
				GCC_WARN_UNINITIALIZED_AUTOS = YES_AGGRESSIVE;
				GCC_WARN_UNUSED_FUNCTION = YES;
				GCC_WARN_UNUSED_VARIABLE = YES;
				IPHONEOS_DEPLOYMENT_TARGET = 11.2;
				MTL_ENABLE_DEBUG_INFO = YES;
				ONLY_ACTIVE_ARCH = YES;
				SDKROOT = iphoneos;
				SWIFT_ACTIVE_COMPILATION_CONDITIONS = DEBUG;
				SWIFT_OPTIMIZATION_LEVEL = "-Onone";
			};
			name = Debug;
		};
		22DC3B19203E0DBD00ACFD8C /* Release */ = {
			isa = XCBuildConfiguration;
			buildSettings = {
				ALWAYS_SEARCH_USER_PATHS = NO;
				CLANG_ANALYZER_NONNULL = YES;
				CLANG_ANALYZER_NUMBER_OBJECT_CONVERSION = YES_AGGRESSIVE;
				CLANG_CXX_LANGUAGE_STANDARD = "gnu++14";
				CLANG_CXX_LIBRARY = "libc++";
				CLANG_ENABLE_MODULES = YES;
				CLANG_ENABLE_OBJC_ARC = YES;
				CLANG_WARN_BLOCK_CAPTURE_AUTORELEASING = YES;
				CLANG_WARN_BOOL_CONVERSION = YES;
				CLANG_WARN_COMMA = YES;
				CLANG_WARN_CONSTANT_CONVERSION = YES;
				CLANG_WARN_DIRECT_OBJC_ISA_USAGE = YES_ERROR;
				CLANG_WARN_DOCUMENTATION_COMMENTS = YES;
				CLANG_WARN_EMPTY_BODY = YES;
				CLANG_WARN_ENUM_CONVERSION = YES;
				CLANG_WARN_INFINITE_RECURSION = YES;
				CLANG_WARN_INT_CONVERSION = YES;
				CLANG_WARN_NON_LITERAL_NULL_CONVERSION = YES;
				CLANG_WARN_OBJC_LITERAL_CONVERSION = YES;
				CLANG_WARN_OBJC_ROOT_CLASS = YES_ERROR;
				CLANG_WARN_RANGE_LOOP_ANALYSIS = YES;
				CLANG_WARN_STRICT_PROTOTYPES = YES;
				CLANG_WARN_SUSPICIOUS_MOVE = YES;
				CLANG_WARN_UNGUARDED_AVAILABILITY = YES_AGGRESSIVE;
				CLANG_WARN_UNREACHABLE_CODE = YES;
				CLANG_WARN__DUPLICATE_METHOD_MATCH = YES;
				CODE_SIGN_IDENTITY = "iPhone Developer";
				COPY_PHASE_STRIP = NO;
				DEBUG_INFORMATION_FORMAT = "dwarf-with-dsym";
				ENABLE_NS_ASSERTIONS = NO;
				ENABLE_STRICT_OBJC_MSGSEND = YES;
				GCC_C_LANGUAGE_STANDARD = gnu11;
				GCC_NO_COMMON_BLOCKS = YES;
				GCC_WARN_64_TO_32_BIT_CONVERSION = YES;
				GCC_WARN_ABOUT_RETURN_TYPE = YES_ERROR;
				GCC_WARN_UNDECLARED_SELECTOR = YES;
				GCC_WARN_UNINITIALIZED_AUTOS = YES_AGGRESSIVE;
				GCC_WARN_UNUSED_FUNCTION = YES;
				GCC_WARN_UNUSED_VARIABLE = YES;
				IPHONEOS_DEPLOYMENT_TARGET = 11.2;
				MTL_ENABLE_DEBUG_INFO = NO;
				SDKROOT = iphoneos;
				SWIFT_OPTIMIZATION_LEVEL = "-Owholemodule";
				VALIDATE_PRODUCT = YES;
			};
			name = Release;
		};
		22DC3B1B203E0DBD00ACFD8C /* Debug */ = {
			isa = XCBuildConfiguration;
			buildSettings = {
				ASSETCATALOG_COMPILER_APPICON_NAME = AppIcon;
				CODE_SIGN_STYLE = Automatic;
				DEVELOPMENT_TEAM = 7L32597M73;
				INFOPLIST_FILE = NetworkingWithApple/Info.plist;
				LD_RUNPATH_SEARCH_PATHS = "$(inherited) @executable_path/Frameworks";
				PRODUCT_BUNDLE_IDENTIFIER = com.dreamline.NetworkingWithApple;
				PRODUCT_NAME = "$(TARGET_NAME)";
				SWIFT_VERSION = 4.0;
				TARGETED_DEVICE_FAMILY = "1,2";
			};
			name = Debug;
		};
		22DC3B1C203E0DBD00ACFD8C /* Release */ = {
			isa = XCBuildConfiguration;
			buildSettings = {
				ASSETCATALOG_COMPILER_APPICON_NAME = AppIcon;
				CODE_SIGN_STYLE = Automatic;
				DEVELOPMENT_TEAM = 7L32597M73;
				INFOPLIST_FILE = NetworkingWithApple/Info.plist;
				LD_RUNPATH_SEARCH_PATHS = "$(inherited) @executable_path/Frameworks";
				PRODUCT_BUNDLE_IDENTIFIER = com.dreamline.NetworkingWithApple;
				PRODUCT_NAME = "$(TARGET_NAME)";
				SWIFT_VERSION = 4.0;
				TARGETED_DEVICE_FAMILY = "1,2";
			};
			name = Release;
		};
/* End XCBuildConfiguration section */

/* Begin XCConfigurationList section */
		22DC3B03203E0DBD00ACFD8C /* Build configuration list for PBXProject "NetworkingWithApple" */ = {
			isa = XCConfigurationList;
			buildConfigurations = (
				22DC3B18203E0DBD00ACFD8C /* Debug */,
				22DC3B19203E0DBD00ACFD8C /* Release */,
			);
			defaultConfigurationIsVisible = 0;
			defaultConfigurationName = Release;
		};
		22DC3B1A203E0DBD00ACFD8C /* Build configuration list for PBXNativeTarget "NetworkingWithApple" */ = {
			isa = XCConfigurationList;
			buildConfigurations = (
				22DC3B1B203E0DBD00ACFD8C /* Debug */,
				22DC3B1C203E0DBD00ACFD8C /* Release */,
			);
			defaultConfigurationIsVisible = 0;
			defaultConfigurationName = Release;
		};
/* End XCConfigurationList section */
	};
	rootObject = 22DC3B00203E0DBD00ACFD8C /* Project object */;
}
